{
  "originHash" : "8a1fde7958b11ccceecee51cd69206257d0e8cba341f4b4b9a6fe36b1e045403",
  "pins" : [
    {
      "identity" : "peakswift",
      "kind" : "remoteSourceControl",
      "location" : "https://github.com/CardioKit/PeakSwift.git",
      "state" : {
        "branch" : "main",
        "revision" : "596584276975a6f7226d17c6b9c003cd302f1712"
      }
    },
    {
      "identity" : "surge",
      "kind" : "remoteSourceControl",
      "location" : "https://github.com/Jounce/Surge.git",
      "state" : {
        "revision" : "6e4a47e63da8801afe6188cf039e9f04eb577721",
        "version" : "2.3.2"
      }
    },
    {
      "identity" : "swiftcsv",
      "kind" : "remoteSourceControl",
      "location" : "https://github.com/swiftcsv/SwiftCSV.git",
      "state" : {
        "revision" : "6ab5d0fe9b6ef3c79d717eefa70862df389e74d9",
        "version" : "0.10.0"
      }
    }
  ],
  "version" : 3
}
